
Microsoft Visual Studio Solution File, Format Version 12.00
# Visual Studio Version 17
VisualStudioVersion = 17.1.32228.430
MinimumVisualStudioVersion = 10.0.40219.1
Project("{FAE04EC0-301F-11D3-BF4B-00C04F79EFBC}") = "AltDictionary", "AltDictionary\AltDictionary.csproj", "{01C6F23D-1850-433A-92E5-48B8B599879B}"
EndProject
Global
	GlobalSection(SolutionConfigurationPlatforms) = preSolution
		Debug|Any CPU = Debug|Any CPU
		Release|Any CPU = Release|Any CPU
	EndGlobalSection
	GlobalSection(ProjectConfigurationPlatforms) = postSolution
		{01C6F23D-1850-433A-92E5-48B8B599879B}.Debug|Any CPU.ActiveCfg = Debug|Any CPU
		{01C6F23D-1850-433A-92E5-48B8B599879B}.Debug|Any CPU.Build.0 = Debug|Any CPU
		{01C6F23D-1850-433A-92E5-48B8B599879B}.Release|Any CPU.ActiveCfg = Release|Any CPU
		{01C6F23D-1850-433A-92E5-48B8B599879B}.Release|Any CPU.Build.0 = Release|Any CPU
	EndGlobalSection
	GlobalSection(SolutionProperties) = preSolution
		HideSolutionNode = FALSE
	EndGlobalSection
	GlobalSection(ExtensibilityGlobals) = postSolution
		SolutionGuid = {53B1E701-1A04-452C-A724-ADDFFEC5E062}
	EndGlobalSection
EndGlobal
